
Microsoft Visual Studio Solution File, Format Version 12.00
# Visual Studio 15
VisualStudioVersion = 15.0.27130.2036
MinimumVisualStudioVersion = 10.0.40219.1
Project("{8BC9CEB8-8B4A-11D0-8D11-00A0C91BC942}") = "CVision", "CVision\CVision.vcxproj", "{95136BA1-BBD9-4592-863F-9EBAD1EFCA1D}"
EndProject
Global
	GlobalSection(SolutionConfigurationPlatforms) = preSolution
		Debug|x64 = Debug|x64
		Debug|x86 = Debug|x86
		Release|x64 = Release|x64
		Release|x86 = Release|x86
	EndGlobalSection
	GlobalSection(ProjectConfigurationPlatforms) = postSolution
		{95136BA1-BBD9-4592-863F-9EBAD1EFCA1D}.Debug|x64.ActiveCfg = Debug|x64
		{95136BA1-BBD9-4592-863F-9EBAD1EFCA1D}.Debug|x64.Build.0 = Debug|x64
		{95136BA1-BBD9-4592-863F-9EBAD1EFCA1D}.Debug|x86.ActiveCfg = Debug|Win32
		{95136BA1-BBD9-4592-863F-9EBAD1EFCA1D}.Debug|x86.Build.0 = Debug|Win32
		{95136BA1-BBD9-4592-863F-9EBAD1EFCA1D}.Release|x64.ActiveCfg = Release|x64
		{95136BA1-BBD9-4592-863F-9EBAD1EFCA1D}.Release|x64.Build.0 = Release|x64
		{95136BA1-BBD9-4592-863F-9EBAD1EFCA1D}.Release|x86.ActiveCfg = Release|Win32
		{95136BA1-BBD9-4592-863F-9EBAD1EFCA1D}.Release|x86.Build.0 = Release|Win32
	EndGlobalSection
	GlobalSection(SolutionProperties) = preSolution
		HideSolutionNode = FALSE
	EndGlobalSection
	GlobalSection(ExtensibilityGlobals) = postSolution
		SolutionGuid = {9EBB60AB-48D9-441A-8AD4-1BD90CC0665E}
	EndGlobalSection
EndGlobal
